
Microsoft Visual Studio Solution File, Format Version 12.00
# Visual Studio Version 17
VisualStudioVersion = 17.11.35312.102
MinimumVisualStudioVersion = 10.0.40219.1
Project("{FAE04EC0-301F-11D3-BF4B-00C04F79EFBC}") = "rex", "rex.csproj", "{93A0DB66-D272-42D9-8045-428FA64597D8}"
EndProject
Global
	GlobalSection(SolutionConfigurationPlatforms) = preSolution
		Debug|Any CPU = Debug|Any CPU
		Release|Any CPU = Release|Any CPU
	EndGlobalSection
	GlobalSection(ProjectConfigurationPlatforms) = postSolution
		{93A0DB66-D272-42D9-8045-428FA64597D8}.Debug|Any CPU.ActiveCfg = Debug|Any CPU
		{93A0DB66-D272-42D9-8045-428FA64597D8}.Debug|Any CPU.Build.0 = Debug|Any CPU
		{93A0DB66-D272-42D9-8045-428FA64597D8}.Release|Any CPU.ActiveCfg = Release|Any CPU
		{93A0DB66-D272-42D9-8045-428FA64597D8}.Release|Any CPU.Build.0 = Release|Any CPU
	EndGlobalSection
	GlobalSection(SolutionProperties) = preSolution
		HideSolutionNode = FALSE
	EndGlobalSection
	GlobalSection(ExtensibilityGlobals) = postSolution
		SolutionGuid = {485236C4-780E-4625-948C-3251B6F0D0A7}
	EndGlobalSection
EndGlobal
